# THIS IS AN AUTOGENERATED FILE. DO NOT EDIT THIS FILE DIRECTLY.
# yarn lockfile v1


assertion-error@1.0.0:
  version "1.0.0"
  resolved "https://registry.yarnpkg.com/assertion-error/-/assertion-error-1.0.0.tgz#c7f85438fdd466bc7ca16ab90c81513797a5d23b"
  integrity sha1-x/hUOP3UZrx8oWq5DIFRN5el0js=

bluebird@2.10.2:
  version "2.10.2"
  resolved "https://registry.yarnpkg.com/bluebird/-/bluebird-2.10.2.tgz#024a5517295308857f14f91f1106fc3b555f446b"
  integrity sha1-AkpVFylTCIV/FPkfEQb8O1VfRGs=

bson@~0.2:
  version "0.2.22"
  resolved "https://registry.yarnpkg.com/bson/-/bson-0.2.22.tgz#fcda103f26d0c074d5a52d50927db80fd02b4b39"
  integrity sha1-/NoQPybQwHTVpS1Qkn24D9ArSzk=
  dependencies:
    nan "~1.8"

chai@~1.9.0:
  version "1.9.2"
  resolved "https://registry.yarnpkg.com/chai/-/chai-1.9.2.tgz#3f1a20f82b0b9d7437577d24d6f12b1a69d3b590"
  integrity sha1-Pxog+CsLnXQ3V30k1vErGmnTtZA=
  dependencies:
    assertion-error "1.0.0"
    deep-eql "0.1.3"

commander@0.6.1:
  version "0.6.1"
  resolved "https://registry.yarnpkg.com/commander/-/commander-0.6.1.tgz#fa68a14f6a945d54dbbe50d8cdb3320e9e3b1a06"
  integrity sha1-+mihT2qUXVTbvlDYzbMyDp47GgY=

debug@*:
  version "4.1.1"
  resolved "https://registry.yarnpkg.com/debug/-/debug-4.1.1.tgz#3b72260255109c6b589cee050f1d516139664791"
  integrity sha512-pYAIzeRo8J6KPEaJ0VWOh5Pzkbw/RetuzehGM7QRRX5he4fPHx2rdKMB256ehJCkX+XRQm16eZLqLNS8RSZXZw==
  dependencies:
    ms "^2.1.1"

debug@2.2.0:
  version "2.2.0"
  resolved "https://registry.yarnpkg.com/debug/-/debug-2.2.0.tgz#f87057e995b1a1f6ae6a4960664137bc56f039da"
  integrity sha1-+HBX6ZWxofauaklgZkE3vFbwOdo=
  dependencies:
    ms "0.7.1"

deep-eql@0.1.3:
  version "0.1.3"
  resolved "https://registry.yarnpkg.com/deep-eql/-/deep-eql-0.1.3.tgz#ef558acab8de25206cd713906d74e56930eb69f2"
  integrity sha1-71WKyrjeJSBs1xOQbXTlaTDrafI=
  dependencies:
    type-detect "0.1.1"

diff@1.0.2:
  version "1.0.2"
  resolved "https://registry.yarnpkg.com/diff/-/diff-1.0.2.tgz#4ae73f1aee8d6fcf484f1a1ce77ce651d9b7f0c9"
  integrity sha1-Suc/Gu6Nb89ITxoc53zmUdm38Mk=

growl@1.7.x:
  version "1.7.0"
  resolved "https://registry.yarnpkg.com/growl/-/growl-1.7.0.tgz#de2d66136d002e112ba70f3f10c31cf7c350b2da"
  integrity sha1-3i1mE20ALhErpw8/EMMc98NQsto=

hooks@0.2.1:
  version "0.2.1"
  resolved "https://registry.yarnpkg.com/hooks/-/hooks-0.2.1.tgz#0f591b1b344bdcb3df59773f62fbbaf85bf4028b"
  integrity sha1-D1kbGzRL3LPfWXc/Yvu6+Fv0Aos=

inherits@^2.0.3:
  version "2.0.3"
  resolved "https://registry.yarnpkg.com/inherits/-/inherits-2.0.3.tgz#633c2c83e3da42a502f52466022480f4208261de"
  integrity sha1-Yzwsg+PaQqUC9SRmAiSA9CCCYd4=

jade@0.26.3:
  version "0.26.3"
  resolved "https://registry.yarnpkg.com/jade/-/jade-0.26.3.tgz#8f10d7977d8d79f2f6ff862a81b0513ccb25686c"
  integrity sha1-jxDXl32NefL2/4YqgbBRPMslaGw=
  dependencies:
    commander "0.6.1"
    mkdirp "0.3.0"

kerberos@0.0.11:
  version "0.0.11"
  resolved "https://registry.yarnpkg.com/kerberos/-/kerberos-0.0.11.tgz#cb29891c21c22ac195f3140b97dd12204fea7dc2"
  integrity sha1-yymJHCHCKsGV8xQLl90SIE/qfcI=
  dependencies:
    nan "~1.8"

mkdirp@0.3.0:
  version "0.3.0"
  resolved "https://registry.yarnpkg.com/mkdirp/-/mkdirp-0.3.0.tgz#1bbf5ab1ba827af23575143490426455f481fe1e"
  integrity sha1-G79asbqCevI1dRQ0kEJkVfSB/h4=

mkdirp@0.3.3:
  version "0.3.3"
  resolved "https://registry.yarnpkg.com/mkdirp/-/mkdirp-0.3.3.tgz#595e251c1370c3a68bab2136d0e348b8105adf13"
  integrity sha1-WV4lHBNww6aLqyE20ONIuBBa3xM=

mocha@1.9.x:
  version "1.9.0"
  resolved "https://registry.yarnpkg.com/mocha/-/mocha-1.9.0.tgz#141054b13cb03ce5ce59aece3d65d5ca01b8df0a"
  integrity sha1-FBBUsTywPOXOWa7OPWXVygG43wo=
  dependencies:
    commander "0.6.1"
    debug "*"
    diff "1.0.2"
    growl "1.7.x"
    jade "0.26.3"
    mkdirp "0.3.3"
    ms "0.3.0"

mongodb@1.4.38:
  version "1.4.38"
  resolved "https://registry.yarnpkg.com/mongodb/-/mongodb-1.4.38.tgz#8cffd618100af3a4648a995498bfcfcb4ed8abd2"
  integrity sha1-jP/WGBAK86RkiplUmL/Py07Yq9I=
  dependencies:
    bson "~0.2"
  optionalDependencies:
    kerberos "0.0.11"
    readable-stream latest

mongoose-text-search@0.0.2:
  version "0.0.2"
  resolved "https://registry.yarnpkg.com/mongoose-text-search/-/mongoose-text-search-0.0.2.tgz#0bd54954584a011d25655de7a70674ad50bce19e"
  integrity sha1-C9VJVFhKAR0lZV3npwZ0rVC84Z4=

mongoose@3.8.x:
  version "3.8.40"
  resolved "https://registry.yarnpkg.com/mongoose/-/mongoose-3.8.40.tgz#032f5ba55582497559a87c1f3f4b3959c26406a7"
  integrity sha1-Ay9bpVWCSXVZqHwfP0s5WcJkBqc=
  dependencies:
    hooks "0.2.1"
    mongodb "1.4.38"
    mpath "0.1.1"
    mpromise "0.4.3"
    mquery "1.10.0"
    ms "0.1.0"
    muri "1.1.0"
    regexp-clone "0.0.1"
    sliced "0.0.5"

mpath@0.1.1:
  version "0.1.1"
  resolved "https://registry.yarnpkg.com/mpath/-/mpath-0.1.1.tgz#23da852b7c232ee097f4759d29c0ee9cd22d5e46"
  integrity sha1-I9qFK3wjLuCX9HWdKcDunNItXkY=

mpromise@0.4.3:
  version "0.4.3"
  resolved "https://registry.yarnpkg.com/mpromise/-/mpromise-0.4.3.tgz#edc47a75a2a177b0e9382735db52dbec3808cc33"
  integrity sha1-7cR6daKhd7DpOCc121Lb7DgIzDM=

mquery@1.10.0:
  version "1.10.0"
  resolved "https://registry.yarnpkg.com/mquery/-/mquery-1.10.0.tgz#8603f02b0b524d17ac0539a85996124ee17b7cb3"
  integrity sha1-hgPwKwtSTResBTmoWZYSTuF7fLM=
  dependencies:
    bluebird "2.10.2"
    debug "2.2.0"
    regexp-clone "0.0.1"
    sliced "0.0.5"

ms@0.1.0:
  version "0.1.0"
  resolved "https://registry.yarnpkg.com/ms/-/ms-0.1.0.tgz#f21fac490daf1d7667fd180fe9077389cc9442b2"
  integrity sha1-8h+sSQ2vHXZn/RgP6QdzicyUQrI=

ms@0.3.0:
  version "0.3.0"
  resolved "https://registry.yarnpkg.com/ms/-/ms-0.3.0.tgz#03edc348d613e66a56486cfdac53bcbe899cbd61"
  integrity sha1-A+3DSNYT5mpWSGz9rFO8vomcvWE=

ms@0.7.1:
  version "0.7.1"
  resolved "https://registry.yarnpkg.com/ms/-/ms-0.7.1.tgz#9cd13c03adbff25b65effde7ce864ee952017098"
  integrity sha1-nNE8A62/8ltl7/3nzoZO6VIBcJg=

ms@^2.1.1:
  version "2.1.1"
  resolved "https://registry.yarnpkg.com/ms/-/ms-2.1.1.tgz#30a5864eb3ebb0a66f2ebe6d727af06a09d86e0a"
  integrity sha512-tgp+dl5cGk28utYktBsrFqA7HKgrhgPsg6Z/EfhWI4gl1Hwq8B/GmY/0oXZ6nF8hDVesS/FpnYaD/kOWhYQvyg==

muri@1.1.0:
  version "1.1.0"
  resolved "https://registry.yarnpkg.com/muri/-/muri-1.1.0.tgz#a3a6d74e68a880f433a249a74969cbb665cc0add"
  integrity sha1-o6bXTmiogPQzokmnSWnLtmXMCt0=

nan@~1.8:
  version "1.8.4"
  resolved "https://registry.yarnpkg.com/nan/-/nan-1.8.4.tgz#3c76b5382eab33e44b758d2813ca9d92e9342f34"
  integrity sha1-PHa1OC6rM+RLdY0oE8qdkuk0LzQ=

readable-stream@latest:
  version "3.1.1"
  resolved "https://registry.yarnpkg.com/readable-stream/-/readable-stream-3.1.1.tgz#ed6bbc6c5ba58b090039ff18ce670515795aeb06"
  integrity sha512-DkN66hPyqDhnIQ6Jcsvx9bFjhw214O4poMBcIMgPVpQvNy9a0e0Uhg5SqySyDKAmUlwt8LonTBz1ezOnM8pUdA==
  dependencies:
    inherits "^2.0.3"
    string_decoder "^1.1.1"
    util-deprecate "^1.0.1"

regexp-clone@0.0.1:
  version "0.0.1"
  resolved "https://registry.yarnpkg.com/regexp-clone/-/regexp-clone-0.0.1.tgz#a7c2e09891fdbf38fbb10d376fb73003e68ac589"
  integrity sha1-p8LgmJH9vzj7sQ03b7cwA+aKxYk=

safe-buffer@~5.1.0:
  version "5.1.2"
  resolved "https://registry.yarnpkg.com/safe-buffer/-/safe-buffer-5.1.2.tgz#991ec69d296e0313747d59bdfd2b745c35f8828d"
  integrity sha512-Gd2UZBJDkXlY7GbJxfsE8/nvKkUEU1G38c1siN6QP6a9PT9MmHB8GnpscSmMJSoF8LOIrt8ud/wPtojys4G6+g==

sliced@0.0.5:
  version "0.0.5"
  resolved "https://registry.yarnpkg.com/sliced/-/sliced-0.0.5.tgz#5edc044ca4eb6f7816d50ba2fc63e25d8fe4707f"
  integrity sha1-XtwETKTrb3gW1Qui/GPiXY/kcH8=

string_decoder@^1.1.1:
  version "1.2.0"
  resolved "https://registry.yarnpkg.com/string_decoder/-/string_decoder-1.2.0.tgz#fe86e738b19544afe70469243b2a1ee9240eae8d"
  integrity sha512-6YqyX6ZWEYguAxgZzHGL7SsCeGx3V2TtOTqZz1xSTSWnqsbWwbptafNyvf/ACquZUXV3DANr5BDIwNYe1mN42w==
  dependencies:
    safe-buffer "~5.1.0"

type-detect@0.1.1:
  version "0.1.1"
  resolved "https://registry.yarnpkg.com/type-detect/-/type-detect-0.1.1.tgz#0ba5ec2a885640e470ea4e8505971900dac58822"
  integrity sha1-C6XsKohWQORw6k6FBZcZANrFiCI=

util-deprecate@^1.0.1:
  version "1.0.2"
  resolved "https://registry.yarnpkg.com/util-deprecate/-/util-deprecate-1.0.2.tgz#450d4dc9fa70de732762fbd2d4a28981419a0ccf"
  integrity sha1-RQ1Nyfpw3nMnYvvS1KKJgUGaDM8=
